
Microsoft Visual Studio Solution File, Format Version 12.00
# Visual Studio Version 17
VisualStudioVersion = 17.4.33205.214
MinimumVisualStudioVersion = 10.0.40219.1
Project("{FAE04EC0-301F-11D3-BF4B-00C04F79EFBC}") = "Ovning2-1502", "Ovning2-1502\Ovning2-1502.csproj", "{458A60B3-0C30-4641-8B4E-0BDEDCF7B35E}"
EndProject
Global
	GlobalSection(SolutionConfigurationPlatforms) = preSolution
		Debug|Any CPU = Debug|Any CPU
		Release|Any CPU = Release|Any CPU
	EndGlobalSection
	GlobalSection(ProjectConfigurationPlatforms) = postSolution
		{458A60B3-0C30-4641-8B4E-0BDEDCF7B35E}.Debug|Any CPU.ActiveCfg = Debug|Any CPU
		{458A60B3-0C30-4641-8B4E-0BDEDCF7B35E}.Debug|Any CPU.Build.0 = Debug|Any CPU
		{458A60B3-0C30-4641-8B4E-0BDEDCF7B35E}.Release|Any CPU.ActiveCfg = Release|Any CPU
		{458A60B3-0C30-4641-8B4E-0BDEDCF7B35E}.Release|Any CPU.Build.0 = Release|Any CPU
	EndGlobalSection
	GlobalSection(SolutionProperties) = preSolution
		HideSolutionNode = FALSE
	EndGlobalSection
	GlobalSection(ExtensibilityGlobals) = postSolution
		SolutionGuid = {57FB676D-1027-40BB-9708-A1227317E8ED}
	EndGlobalSection
EndGlobal
